
Microsoft Visual Studio Solution File, Format Version 12.00
# Visual Studio 15
VisualStudioVersion = 15.0.28307.421
MinimumVisualStudioVersion = 10.0.40219.1
Project("{FAE04EC0-301F-11D3-BF4B-00C04F79EFBC}") = "SpaceCadets", "SpaceCadets.csproj", "{A5A7BA4A-DF98-4187-8BCC-F48CF5964E1B}"
EndProject
Project("{FAE04EC0-301F-11D3-BF4B-00C04F79EFBC}") = "GraphicsTest", "C:\Users\Davet\source\repos\GraphicsTest\GraphicsTest.csproj", "{C36BAD57-EFE8-4909-A7A0-59D7DEE3544E}"
EndProject
Global
	GlobalSection(SolutionConfigurationPlatforms) = preSolution
		Debug|Any CPU = Debug|Any CPU
		Release|Any CPU = Release|Any CPU
	EndGlobalSection
	GlobalSection(ProjectConfigurationPlatforms) = postSolution
		{A5A7BA4A-DF98-4187-8BCC-F48CF5964E1B}.Debug|Any CPU.ActiveCfg = Debug|Any CPU
		{A5A7BA4A-DF98-4187-8BCC-F48CF5964E1B}.Debug|Any CPU.Build.0 = Debug|Any CPU
		{A5A7BA4A-DF98-4187-8BCC-F48CF5964E1B}.Release|Any CPU.ActiveCfg = Release|Any CPU
		{A5A7BA4A-DF98-4187-8BCC-F48CF5964E1B}.Release|Any CPU.Build.0 = Release|Any CPU
		{C36BAD57-EFE8-4909-A7A0-59D7DEE3544E}.Debug|Any CPU.ActiveCfg = Debug|Any CPU
		{C36BAD57-EFE8-4909-A7A0-59D7DEE3544E}.Debug|Any CPU.Build.0 = Debug|Any CPU
		{C36BAD57-EFE8-4909-A7A0-59D7DEE3544E}.Release|Any CPU.ActiveCfg = Release|Any CPU
		{C36BAD57-EFE8-4909-A7A0-59D7DEE3544E}.Release|Any CPU.Build.0 = Release|Any CPU
	EndGlobalSection
	GlobalSection(SolutionProperties) = preSolution
		HideSolutionNode = FALSE
	EndGlobalSection
	GlobalSection(ExtensibilityGlobals) = postSolution
		SolutionGuid = {6B1E356D-71AF-472D-9495-A258114B95C8}
	EndGlobalSection
EndGlobal
